
Microsoft Visual Studio Solution File, Format Version 12.00
# Visual Studio Version 17
VisualStudioVersion = 17.4.33103.184
MinimumVisualStudioVersion = 10.0.40219.1
Project("{FAE04EC0-301F-11D3-BF4B-00C04F79EFBC}") = "RandomSelectorForQuestions", "RandomSelectorForQuestions.csproj", "{5205FC2A-DFDE-46B7-B8C7-AE218BBE44A3}"
EndProject
Global
	GlobalSection(SolutionConfigurationPlatforms) = preSolution
		Debug|Any CPU = Debug|Any CPU
		Release|Any CPU = Release|Any CPU
	EndGlobalSection
	GlobalSection(ProjectConfigurationPlatforms) = postSolution
		{5205FC2A-DFDE-46B7-B8C7-AE218BBE44A3}.Debug|Any CPU.ActiveCfg = Debug|Any CPU
		{5205FC2A-DFDE-46B7-B8C7-AE218BBE44A3}.Debug|Any CPU.Build.0 = Debug|Any CPU
		{5205FC2A-DFDE-46B7-B8C7-AE218BBE44A3}.Release|Any CPU.ActiveCfg = Release|Any CPU
		{5205FC2A-DFDE-46B7-B8C7-AE218BBE44A3}.Release|Any CPU.Build.0 = Release|Any CPU
	EndGlobalSection
	GlobalSection(SolutionProperties) = preSolution
		HideSolutionNode = FALSE
	EndGlobalSection
	GlobalSection(ExtensibilityGlobals) = postSolution
		SolutionGuid = {42DA701C-A957-47CC-8AF7-B31A6A2EF601}
	EndGlobalSection
EndGlobal
